
Microsoft Visual Studio Solution File, Format Version 12.00
# Visual Studio Version 16
VisualStudioVersion = 16.0.31105.61
MinimumVisualStudioVersion = 10.0.40219.1
Project("{FAE04EC0-301F-11D3-BF4B-00C04F79EFBC}") = "Task1", "Task1\Task1.csproj", "{E480906E-1566-4E54-8EFE-BC7291DCA9D4}"
EndProject
Global
	GlobalSection(SolutionConfigurationPlatforms) = preSolution
		Debug|Any CPU = Debug|Any CPU
		Release|Any CPU = Release|Any CPU
	EndGlobalSection
	GlobalSection(ProjectConfigurationPlatforms) = postSolution
		{E480906E-1566-4E54-8EFE-BC7291DCA9D4}.Debug|Any CPU.ActiveCfg = Debug|Any CPU
		{E480906E-1566-4E54-8EFE-BC7291DCA9D4}.Debug|Any CPU.Build.0 = Debug|Any CPU
		{E480906E-1566-4E54-8EFE-BC7291DCA9D4}.Release|Any CPU.ActiveCfg = Release|Any CPU
		{E480906E-1566-4E54-8EFE-BC7291DCA9D4}.Release|Any CPU.Build.0 = Release|Any CPU
	EndGlobalSection
	GlobalSection(SolutionProperties) = preSolution
		HideSolutionNode = FALSE
	EndGlobalSection
	GlobalSection(ExtensibilityGlobals) = postSolution
		SolutionGuid = {93EFFF84-A122-46E3-B06C-9B3870A18B2C}
	EndGlobalSection
EndGlobal
